
Microsoft Visual Studio Solution File, Format Version 12.00
# Visual Studio Version 16
VisualStudioVersion = 16.0.31624.102
MinimumVisualStudioVersion = 10.0.40219.1
Project("{9A19103F-16F7-4668-BE54-9A1E7A4F7556}") = "Biblioteca", "Biblioteca\Biblioteca.csproj", "{03CF17FC-CA0D-473D-A4D1-498ECFFC5A2C}"
EndProject
Project("{FAE04EC0-301F-11D3-BF4B-00C04F79EFBC}") = "CiberFront", "CiberFront\CiberFront.csproj", "{F4F3C6C9-71AB-4A45-9D52-5440BD41F870}"
EndProject
Global
	GlobalSection(SolutionConfigurationPlatforms) = preSolution
		Debug|Any CPU = Debug|Any CPU
		Release|Any CPU = Release|Any CPU
	EndGlobalSection
	GlobalSection(ProjectConfigurationPlatforms) = postSolution
		{03CF17FC-CA0D-473D-A4D1-498ECFFC5A2C}.Debug|Any CPU.ActiveCfg = Debug|Any CPU
		{03CF17FC-CA0D-473D-A4D1-498ECFFC5A2C}.Debug|Any CPU.Build.0 = Debug|Any CPU
		{03CF17FC-CA0D-473D-A4D1-498ECFFC5A2C}.Release|Any CPU.ActiveCfg = Release|Any CPU
		{03CF17FC-CA0D-473D-A4D1-498ECFFC5A2C}.Release|Any CPU.Build.0 = Release|Any CPU
		{F4F3C6C9-71AB-4A45-9D52-5440BD41F870}.Debug|Any CPU.ActiveCfg = Debug|Any CPU
		{F4F3C6C9-71AB-4A45-9D52-5440BD41F870}.Debug|Any CPU.Build.0 = Debug|Any CPU
		{F4F3C6C9-71AB-4A45-9D52-5440BD41F870}.Release|Any CPU.ActiveCfg = Release|Any CPU
		{F4F3C6C9-71AB-4A45-9D52-5440BD41F870}.Release|Any CPU.Build.0 = Release|Any CPU
	EndGlobalSection
	GlobalSection(SolutionProperties) = preSolution
		HideSolutionNode = FALSE
	EndGlobalSection
	GlobalSection(ExtensibilityGlobals) = postSolution
		SolutionGuid = {83BE9714-99C8-47EC-AB7C-F7A0A7613ABD}
	EndGlobalSection
EndGlobal
